
Microsoft Visual Studio Solution File, Format Version 12.00
# Visual Studio Version 17
VisualStudioVersion = 17.1.32319.34
MinimumVisualStudioVersion = 10.0.40219.1
Project("{FAE04EC0-301F-11D3-BF4B-00C04F79EFBC}") = "AuthApiPoc", "AuthApiPoc\AuthApiPoc.csproj", "{336EF450-D513-465D-B0D9-61388930B798}"
EndProject
Global
	GlobalSection(SolutionConfigurationPlatforms) = preSolution
		Debug|Any CPU = Debug|Any CPU
		Release|Any CPU = Release|Any CPU
	EndGlobalSection
	GlobalSection(ProjectConfigurationPlatforms) = postSolution
		{336EF450-D513-465D-B0D9-61388930B798}.Debug|Any CPU.ActiveCfg = Debug|Any CPU
		{336EF450-D513-465D-B0D9-61388930B798}.Debug|Any CPU.Build.0 = Debug|Any CPU
		{336EF450-D513-465D-B0D9-61388930B798}.Release|Any CPU.ActiveCfg = Release|Any CPU
		{336EF450-D513-465D-B0D9-61388930B798}.Release|Any CPU.Build.0 = Release|Any CPU
	EndGlobalSection
	GlobalSection(SolutionProperties) = preSolution
		HideSolutionNode = FALSE
	EndGlobalSection
	GlobalSection(ExtensibilityGlobals) = postSolution
		SolutionGuid = {5B92D578-0251-4726-8F25-16B85E7C4A40}
	EndGlobalSection
EndGlobal
